
Microsoft Visual Studio Solution File, Format Version 12.00
# Visual Studio Version 17
VisualStudioVersion = 17.9.34607.119
MinimumVisualStudioVersion = 10.0.40219.1
Project("{FAE04EC0-301F-11D3-BF4B-00C04F79EFBC}") = "AuDote.API", "AuDote.API\AuDote.API.csproj", "{FC7EF495-8090-487B-84D2-350A032EFEB1}"
EndProject
Global
	GlobalSection(SolutionConfigurationPlatforms) = preSolution
		Debug|Any CPU = Debug|Any CPU
		Release|Any CPU = Release|Any CPU
	EndGlobalSection
	GlobalSection(ProjectConfigurationPlatforms) = postSolution
		{FC7EF495-8090-487B-84D2-350A032EFEB1}.Debug|Any CPU.ActiveCfg = Debug|Any CPU
		{FC7EF495-8090-487B-84D2-350A032EFEB1}.Debug|Any CPU.Build.0 = Debug|Any CPU
		{FC7EF495-8090-487B-84D2-350A032EFEB1}.Release|Any CPU.ActiveCfg = Release|Any CPU
		{FC7EF495-8090-487B-84D2-350A032EFEB1}.Release|Any CPU.Build.0 = Release|Any CPU
	EndGlobalSection
	GlobalSection(SolutionProperties) = preSolution
		HideSolutionNode = FALSE
	EndGlobalSection
	GlobalSection(ExtensibilityGlobals) = postSolution
		SolutionGuid = {63933A58-7EE4-4866-94F1-D8CCB3D447B5}
	EndGlobalSection
EndGlobal
